// !$*UTF8*$!
{
	archiveVersion = 1;
	classes = {
	};
	objectVersion = 46;
	objects = {

/* Begin PBXBuildFile section */
		BEB216571514EC57003873B9 /* UIKit.framework in Frameworks */ = {isa = PBXBuildFile; fileRef = BEB216561514EC57003873B9 /* UIKit.framework */; };
		BEB216591514EC57003873B9 /* Foundation.framework in Frameworks */ = {isa = PBXBuildFile; fileRef = BEB216581514EC57003873B9 /* Foundation.framework */; };
		BEB2165B1514EC57003873B9 /* CoreGraphics.framework in Frameworks */ = {isa = PBXBuildFile; fileRef = BEB2165A1514EC57003873B9 /* CoreGraphics.framework */; };
		BEB216611514EC57003873B9 /* InfoPlist.strings in Resources */ = {isa = PBXBuildFile; fileRef = BEB2165F1514EC57003873B9 /* InfoPlist.strings */; };
		BEB216631514EC57003873B9 /* main.m in Sources */ = {isa = PBXBuildFile; fileRef = BEB216621514EC57003873B9 /* main.m */; };
		BEB216671514EC57003873B9 /* firstAppDelegate.m in Sources */ = {isa = PBXBuildFile; fileRef = BEB216661514EC57003873B9 /* firstAppDelegate.m */; };
/* End PBXBuildFile section */

/* Begin PBXFileReference section */
		BEB216521514EC57003873B9 /* March22.app */ = {isa = PBXFileReference; explicitFileType = wrapper.application; includeInIndex = 0; path = March22.app; sourceTree = BUILT_PRODUCTS_DIR; };
		BEB216561514EC57003873B9 /* UIKit.framework */ = {isa = PBXFileReference; lastKnownFileType = wrapper.framework; name = UIKit.framework; path = System/Library/Frameworks/UIKit.framework; sourceTree = SDKROOT; };
		BEB216581514EC57003873B9 /* Foundation.framework */ = {isa = PBXFileReference; lastKnownFileType = wrapper.framework; name = Foundation.framework; path = System/Library/Frameworks/Foundation.framework; sourceTree = SDKROOT; };
		BEB2165A1514EC57003873B9 /* CoreGraphics.framework */ = {isa = PBXFileReference; lastKnownFileType = wrapper.framework; name = CoreGraphics.framework; path = System/Library/Frameworks/CoreGraphics.framework; sourceTree = SDKROOT; };
		BEB2165E1514EC57003873B9 /* March22-Info.plist */ = {isa = PBXFileReference; lastKnownFileType = text.plist.xml; path = "March22-Info.plist"; sourceTree = "<group>"; };
		BEB216601514EC57003873B9 /* en */ = {isa = PBXFileReference; lastKnownFileType = text.plist.strings; name = en; path = en.lproj/InfoPlist.strings; sourceTree = "<group>"; };
		BEB216621514EC57003873B9 /* main.m */ = {isa = PBXFileReference; lastKnownFileType = sourcecode.c.objc; path = main.m; sourceTree = "<group>"; };
		BEB216641514EC57003873B9 /* March22-Prefix.pch */ = {isa = PBXFileReference; lastKnownFileType = sourcecode.c.h; path = "March22-Prefix.pch"; sourceTree = "<group>"; };
		BEB216651514EC57003873B9 /* firstAppDelegate.h */ = {isa = PBXFileReference; lastKnownFileType = sourcecode.c.h; path = firstAppDelegate.h; sourceTree = "<group>"; };
		BEB216661514EC57003873B9 /* firstAppDelegate.m */ = {isa = PBXFileReference; lastKnownFileType = sourcecode.c.objc; path = firstAppDelegate.m; sourceTree = "<group>"; };
/* End PBXFileReference section */

/* Begin PBXFrameworksBuildPhase section */
		BEB2164F1514EC56003873B9 /* Frameworks */ = {
			isa = PBXFrameworksBuildPhase;
			buildActionMask = 2147483647;
			files = (
				BEB216571514EC57003873B9 /* UIKit.framework in Frameworks */,
				BEB216591514EC57003873B9 /* Foundation.framework in Frameworks */,
				BEB2165B1514EC57003873B9 /* CoreGraphics.framework in Frameworks */,
			);
			runOnlyForDeploymentPostprocessing = 0;
		};
/* End PBXFrameworksBuildPhase section */

/* Begin PBXGroup section */
		BEB216471514EC56003873B9 = {
			isa = PBXGroup;
			children = (
				BEB2165C1514EC57003873B9 /* March22 */,
				BEB216551514EC57003873B9 /* Frameworks */,
				BEB216531514EC57003873B9 /* Products */,
			);
			sourceTree = "<group>";
		};
		BEB216531514EC57003873B9 /* Products */ = {
			isa = PBXGroup;
			children = (
				BEB216521514EC57003873B9 /* March22.app */,
			);
			name = Products;
			sourceTree = "<group>";
		};
		BEB216551514EC57003873B9 /* Frameworks */ = {
			isa = PBXGroup;
			children = (
				BEB216561514EC57003873B9 /* UIKit.framework */,
				BEB216581514EC57003873B9 /* Foundation.framework */,
				BEB2165A1514EC57003873B9 /* CoreGraphics.framework */,
			);
			name = Frameworks;
			sourceTree = "<group>";
		};
		BEB2165C1514EC57003873B9 /* March22 */ = {
			isa = PBXGroup;
			children = (
				BEB216651514EC57003873B9 /* firstAppDelegate.h */,
				BEB216661514EC57003873B9 /* firstAppDelegate.m */,
				BEB2165D1514EC57003873B9 /* Supporting Files */,
			);
			path = March22;
			sourceTree = "<group>";
		};
		BEB2165D1514EC57003873B9 /* Supporting Files */ = {
			isa = PBXGroup;
			children = (
				BEB2165E1514EC57003873B9 /* March22-Info.plist */,
				BEB2165F1514EC57003873B9 /* InfoPlist.strings */,
				BEB216621514EC57003873B9 /* main.m */,
				BEB216641514EC57003873B9 /* March22-Prefix.pch */,
			);
			name = "Supporting Files";
			sourceTree = "<group>";
		};
/* End PBXGroup section */

/* Begin PBXNativeTarget section */
		BEB216511514EC56003873B9 /* March22 */ = {
			isa = PBXNativeTarget;
			buildConfigurationList = BEB2166A1514EC57003873B9 /* Build configuration list for PBXNativeTarget "March22" */;
			buildPhases = (
				BEB2164E1514EC56003873B9 /* Sources */,
				BEB2164F1514EC56003873B9 /* Frameworks */,
				BEB216501514EC56003873B9 /* Resources */,
			);
			buildRules = (
			);
			dependencies = (
			);
			name = March22;
			productName = March22;
			productReference = BEB216521514EC57003873B9 /* March22.app */;
			productType = "com.apple.product-type.application";
		};
/* End PBXNativeTarget section */

/* Begin PBXProject section */
		BEB216491514EC56003873B9 /* Project object */ = {
			isa = PBXProject;
			attributes = {
				CLASSPREFIX = first;
				LastUpgradeCheck = 0430;
			};
			buildConfigurationList = BEB2164C1514EC56003873B9 /* Build configuration list for PBXProject "March22" */;
			compatibilityVersion = "Xcode 3.2";
			developmentRegion = English;
			hasScannedForEncodings = 0;
			knownRegions = (
				en,
			);
			mainGroup = BEB216471514EC56003873B9;
			productRefGroup = BEB216531514EC57003873B9 /* Products */;
			projectDirPath = "";
			projectRoot = "";
			targets = (
				BEB216511514EC56003873B9 /* March22 */,
			);
		};
/* End PBXProject section */

/* Begin PBXResourcesBuildPhase section */
		BEB216501514EC56003873B9 /* Resources */ = {
			isa = PBXResourcesBuildPhase;
			buildActionMask = 2147483647;
			files = (
				BEB216611514EC57003873B9 /* InfoPlist.strings in Resources */,
			);
			runOnlyForDeploymentPostprocessing = 0;
		};
/* End PBXResourcesBuildPhase section */

/* Begin PBXSourcesBuildPhase section */
		BEB2164E1514EC56003873B9 /* Sources */ = {
			isa = PBXSourcesBuildPhase;
			buildActionMask = 2147483647;
			files = (
				BEB216631514EC57003873B9 /* main.m in Sources */,
				BEB216671514EC57003873B9 /* firstAppDelegate.m in Sources */,
			);
			runOnlyForDeploymentPostprocessing = 0;
		};
/* End PBXSourcesBuildPhase section */

/* Begin PBXVariantGroup section */
		BEB2165F1514EC57003873B9 /* InfoPlist.strings */ = {
			isa = PBXVariantGroup;
			children = (
				BEB216601514EC57003873B9 /* en */,
			);
			name = InfoPlist.strings;
			sourceTree = "<group>";
		};
/* End PBXVariantGroup section */

/* Begin XCBuildConfiguration section */
		BEB216681514EC57003873B9 /* Debug */ = {
			isa = XCBuildConfiguration;
			buildSettings = {
				ALWAYS_SEARCH_USER_PATHS = NO;
				ARCHS = "$(ARCHS_STANDARD_32_BIT)";
				CLANG_ENABLE_OBJC_ARC = YES;
				"CODE_SIGN_IDENTITY[sdk=iphoneos*]" = "iPhone Developer";
				COPY_PHASE_STRIP = NO;
				GCC_C_LANGUAGE_STANDARD = gnu99;
				GCC_DYNAMIC_NO_PIC = NO;
				GCC_OPTIMIZATION_LEVEL = 0;
				GCC_PREPROCESSOR_DEFINITIONS = (
					"DEBUG=1",
					"$(inherited)",
				);
				GCC_SYMBOLS_PRIVATE_EXTERN = NO;
				GCC_VERSION = com.apple.compilers.llvm.clang.1_0;
				GCC_WARN_ABOUT_RETURN_TYPE = YES;
				GCC_WARN_UNINITIALIZED_AUTOS = YES;
				GCC_WARN_UNUSED_VARIABLE = YES;
				IPHONEOS_DEPLOYMENT_TARGET = 5.1;
				SDKROOT = iphoneos;
			};
			name = Debug;
		};
		BEB216691514EC57003873B9 /* Release */ = {
			isa = XCBuildConfiguration;
			buildSettings = {
				ALWAYS_SEARCH_USER_PATHS = NO;
				ARCHS = "$(ARCHS_STANDARD_32_BIT)";
				CLANG_ENABLE_OBJC_ARC = YES;
				"CODE_SIGN_IDENTITY[sdk=iphoneos*]" = "iPhone Developer";
				COPY_PHASE_STRIP = YES;
				GCC_C_LANGUAGE_STANDARD = gnu99;
				GCC_VERSION = com.apple.compilers.llvm.clang.1_0;
				GCC_WARN_ABOUT_RETURN_TYPE = YES;
				GCC_WARN_UNINITIALIZED_AUTOS = YES;
				GCC_WARN_UNUSED_VARIABLE = YES;
				IPHONEOS_DEPLOYMENT_TARGET = 5.1;
				OTHER_CFLAGS = "-DNS_BLOCK_ASSERTIONS=1";
				SDKROOT = iphoneos;
				VALIDATE_PRODUCT = YES;
			};
			name = Release;
		};
		BEB2166B1514EC57003873B9 /* Debug */ = {
			isa = XCBuildConfiguration;
			buildSettings = {
				GCC_PRECOMPILE_PREFIX_HEADER = YES;
				GCC_PREFIX_HEADER = "March22/March22-Prefix.pch";
				INFOPLIST_FILE = "March22/March22-Info.plist";
				PRODUCT_NAME = "$(TARGET_NAME)";
				WRAPPER_EXTENSION = app;
			};
			name = Debug;
		};
		BEB2166C1514EC57003873B9 /* Release */ = {
			isa = XCBuildConfiguration;
			buildSettings = {
				GCC_PRECOMPILE_PREFIX_HEADER = YES;
				GCC_PREFIX_HEADER = "March22/March22-Prefix.pch";
				INFOPLIST_FILE = "March22/March22-Info.plist";
				PRODUCT_NAME = "$(TARGET_NAME)";
				WRAPPER_EXTENSION = app;
			};
			name = Release;
		};
/* End XCBuildConfiguration section */

/* Begin XCConfigurationList section */
		BEB2164C1514EC56003873B9 /* Build configuration list for PBXProject "March22" */ = {
			isa = XCConfigurationList;
			buildConfigurations = (
				BEB216681514EC57003873B9 /* Debug */,
				BEB216691514EC57003873B9 /* Release */,
			);
			defaultConfigurationIsVisible = 0;
			defaultConfigurationName = Release;
		};
		BEB2166A1514EC57003873B9 /* Build configuration list for PBXNativeTarget "March22" */ = {
			isa = XCConfigurationList;
			buildConfigurations = (
				BEB2166B1514EC57003873B9 /* Debug */,
				BEB2166C1514EC57003873B9 /* Release */,
			);
			defaultConfigurationIsVisible = 0;
		};
/* End XCConfigurationList section */
	};
	rootObject = BEB216491514EC56003873B9 /* Project object */;
}
